# This file is autogenerated, do not edit; changes may be undone by the next 'dep ensure'.


[[projects]]
  digest = "1:72885d06b6ffe788294a5f4e6a72e2ab2032c3dd052b0ebdc1413e2e25a0baf3"
  name = "github.com/godbus/dbus"
  packages = [
    ".",
    "introspect"
  ]
  pruneopts = "UT"
  revision = "735b987ea3fc98b200348de1656e97f656ed4873"
  version = "v5.0.2"

[solve-meta]
  analyzer-name = "dep"
  analyzer-version = 1
  input-imports = [
    "github.com/godbus/dbus",
    "github.com/godbus/dbus/introspect"
  ]
  solver-name = "gps-cdcl"
  solver-version = 1
